
Microsoft Visual Studio Solution File, Format Version 12.00
# Visual Studio Version 16
VisualStudioVersion = 16.0.31320.298
MinimumVisualStudioVersion = 10.0.40219.1
Project("{9A19103F-16F7-4668-BE54-9A1E7A4F7556}") = "CA", "CA\CA.csproj", "{F7836DE3-0198-4493-94CF-E891AE4EFF0E}"
EndProject
Project("{9A19103F-16F7-4668-BE54-9A1E7A4F7556}") = "CA.WPF", "CA.WPF\CA.WPF.csproj", "{AEF7E7EF-4A3B-433B-917C-EAB1C0FDD6B6}"
EndProject
Project("{FAE04EC0-301F-11D3-BF4B-00C04F79EFBC}") = "CA.Tests", "CA.Tests\CA.Tests.csproj", "{961D5701-8C92-4025-BC7B-94354C26519F}"
EndProject
Global
	GlobalSection(SolutionConfigurationPlatforms) = preSolution
		Debug|Any CPU = Debug|Any CPU
		Release|Any CPU = Release|Any CPU
	EndGlobalSection
	GlobalSection(ProjectConfigurationPlatforms) = postSolution
		{F7836DE3-0198-4493-94CF-E891AE4EFF0E}.Debug|Any CPU.ActiveCfg = Debug|Any CPU
		{F7836DE3-0198-4493-94CF-E891AE4EFF0E}.Debug|Any CPU.Build.0 = Debug|Any CPU
		{F7836DE3-0198-4493-94CF-E891AE4EFF0E}.Release|Any CPU.ActiveCfg = Release|Any CPU
		{F7836DE3-0198-4493-94CF-E891AE4EFF0E}.Release|Any CPU.Build.0 = Release|Any CPU
		{AEF7E7EF-4A3B-433B-917C-EAB1C0FDD6B6}.Debug|Any CPU.ActiveCfg = Debug|Any CPU
		{AEF7E7EF-4A3B-433B-917C-EAB1C0FDD6B6}.Debug|Any CPU.Build.0 = Debug|Any CPU
		{AEF7E7EF-4A3B-433B-917C-EAB1C0FDD6B6}.Release|Any CPU.ActiveCfg = Release|Any CPU
		{AEF7E7EF-4A3B-433B-917C-EAB1C0FDD6B6}.Release|Any CPU.Build.0 = Release|Any CPU
		{961D5701-8C92-4025-BC7B-94354C26519F}.Debug|Any CPU.ActiveCfg = Debug|Any CPU
		{961D5701-8C92-4025-BC7B-94354C26519F}.Debug|Any CPU.Build.0 = Debug|Any CPU
		{961D5701-8C92-4025-BC7B-94354C26519F}.Release|Any CPU.ActiveCfg = Release|Any CPU
		{961D5701-8C92-4025-BC7B-94354C26519F}.Release|Any CPU.Build.0 = Release|Any CPU
	EndGlobalSection
	GlobalSection(SolutionProperties) = preSolution
		HideSolutionNode = FALSE
	EndGlobalSection
	GlobalSection(ExtensibilityGlobals) = postSolution
		SolutionGuid = {D3D0BDAF-C60C-445A-AE19-CCE228579BE2}
	EndGlobalSection
EndGlobal
